// !$*UTF8*$!
{
	archiveVersion = 1;
	classes = {
	};
	objectVersion = 46;
	objects = {

/* Begin PBXBuildFile section */
		D2CE27E81C45E6EB001E68E8 /* main.m in Sources */ = {isa = PBXBuildFile; fileRef = D2CE27E71C45E6EB001E68E8 /* main.m */; };
		D2CE27EB1C45E6EB001E68E8 /* AppDelegate.m in Sources */ = {isa = PBXBuildFile; fileRef = D2CE27EA1C45E6EB001E68E8 /* AppDelegate.m */; };
		D2CE27EE1C45E6EB001E68E8 /* ViewController.m in Sources */ = {isa = PBXBuildFile; fileRef = D2CE27ED1C45E6EB001E68E8 /* ViewController.m */; };
		D2CE27F11C45E6EB001E68E8 /* Main.storyboard in Resources */ = {isa = PBXBuildFile; fileRef = D2CE27EF1C45E6EB001E68E8 /* Main.storyboard */; };
		D2CE27F31C45E6EB001E68E8 /* Assets.xcassets in Resources */ = {isa = PBXBuildFile; fileRef = D2CE27F21C45E6EB001E68E8 /* Assets.xcassets */; };
		D2CE27F61C45E6EB001E68E8 /* LaunchScreen.storyboard in Resources */ = {isa = PBXBuildFile; fileRef = D2CE27F41C45E6EB001E68E8 /* LaunchScreen.storyboard */; };
		D2CE27FE1C45E6FF001E68E8 /* LocalAuthentication.framework in Frameworks */ = {isa = PBXBuildFile; fileRef = D2CE27FD1C45E6FF001E68E8 /* LocalAuthentication.framework */; };
		D2CE28021C45F7BF001E68E8 /* PFXLocalAuthentication.m in Sources */ = {isa = PBXBuildFile; fileRef = D2CE28011C45F7BF001E68E8 /* PFXLocalAuthentication.m */; };
/* End PBXBuildFile section */

/* Begin PBXFileReference section */
		D2CE27E31C45E6EB001E68E8 /* PFXLocalAuthentication.app */ = {isa = PBXFileReference; explicitFileType = wrapper.application; includeInIndex = 0; path = PFXLocalAuthentication.app; sourceTree = BUILT_PRODUCTS_DIR; };
		D2CE27E71C45E6EB001E68E8 /* main.m */ = {isa = PBXFileReference; lastKnownFileType = sourcecode.c.objc; path = main.m; sourceTree = "<group>"; };
		D2CE27E91C45E6EB001E68E8 /* AppDelegate.h */ = {isa = PBXFileReference; lastKnownFileType = sourcecode.c.h; path = AppDelegate.h; sourceTree = "<group>"; };
		D2CE27EA1C45E6EB001E68E8 /* AppDelegate.m */ = {isa = PBXFileReference; lastKnownFileType = sourcecode.c.objc; path = AppDelegate.m; sourceTree = "<group>"; };
		D2CE27EC1C45E6EB001E68E8 /* ViewController.h */ = {isa = PBXFileReference; lastKnownFileType = sourcecode.c.h; path = ViewController.h; sourceTree = "<group>"; };
		D2CE27ED1C45E6EB001E68E8 /* ViewController.m */ = {isa = PBXFileReference; lastKnownFileType = sourcecode.c.objc; path = ViewController.m; sourceTree = "<group>"; };
		D2CE27F01C45E6EB001E68E8 /* Base */ = {isa = PBXFileReference; lastKnownFileType = file.storyboard; name = Base; path = Base.lproj/Main.storyboard; sourceTree = "<group>"; };
		D2CE27F21C45E6EB001E68E8 /* Assets.xcassets */ = {isa = PBXFileReference; lastKnownFileType = folder.assetcatalog; path = Assets.xcassets; sourceTree = "<group>"; };
		D2CE27F51C45E6EB001E68E8 /* Base */ = {isa = PBXFileReference; lastKnownFileType = file.storyboard; name = Base; path = Base.lproj/LaunchScreen.storyboard; sourceTree = "<group>"; };
		D2CE27F71C45E6EB001E68E8 /* Info.plist */ = {isa = PBXFileReference; lastKnownFileType = text.plist.xml; path = Info.plist; sourceTree = "<group>"; };
		D2CE27FD1C45E6FF001E68E8 /* LocalAuthentication.framework */ = {isa = PBXFileReference; lastKnownFileType = wrapper.framework; name = LocalAuthentication.framework; path = System/Library/Frameworks/LocalAuthentication.framework; sourceTree = SDKROOT; };
		D2CE28001C45F7BF001E68E8 /* PFXLocalAuthentication.h */ = {isa = PBXFileReference; fileEncoding = 4; lastKnownFileType = sourcecode.c.h; name = PFXLocalAuthentication.h; path = LocalAuthentications/PFXLocalAuthentication.h; sourceTree = "<group>"; };
		D2CE28011C45F7BF001E68E8 /* PFXLocalAuthentication.m */ = {isa = PBXFileReference; fileEncoding = 4; lastKnownFileType = sourcecode.c.objc; name = PFXLocalAuthentication.m; path = LocalAuthentications/PFXLocalAuthentication.m; sourceTree = "<group>"; };
/* End PBXFileReference section */

/* Begin PBXFrameworksBuildPhase section */
		D2CE27E01C45E6EB001E68E8 /* Frameworks */ = {
			isa = PBXFrameworksBuildPhase;
			buildActionMask = 2147483647;
			files = (
				D2CE27FE1C45E6FF001E68E8 /* LocalAuthentication.framework in Frameworks */,
			);
			runOnlyForDeploymentPostprocessing = 0;
		};
/* End PBXFrameworksBuildPhase section */

/* Begin PBXGroup section */
		D2CE27DA1C45E6EB001E68E8 = {
			isa = PBXGroup;
			children = (
				D2CE27FD1C45E6FF001E68E8 /* LocalAuthentication.framework */,
				D2CE27E51C45E6EB001E68E8 /* PFXLocalAuthentication */,
				D2CE27E41C45E6EB001E68E8 /* Products */,
			);
			sourceTree = "<group>";
		};
		D2CE27E41C45E6EB001E68E8 /* Products */ = {
			isa = PBXGroup;
			children = (
				D2CE27E31C45E6EB001E68E8 /* PFXLocalAuthentication.app */,
			);
			name = Products;
			sourceTree = "<group>";
		};
		D2CE27E51C45E6EB001E68E8 /* PFXLocalAuthentication */ = {
			isa = PBXGroup;
			children = (
				D2CE27FF1C45F7A2001E68E8 /* LocalAuthentications */,
				D2CE27E91C45E6EB001E68E8 /* AppDelegate.h */,
				D2CE27EA1C45E6EB001E68E8 /* AppDelegate.m */,
				D2CE27EC1C45E6EB001E68E8 /* ViewController.h */,
				D2CE27ED1C45E6EB001E68E8 /* ViewController.m */,
				D2CE27EF1C45E6EB001E68E8 /* Main.storyboard */,
				D2CE27F21C45E6EB001E68E8 /* Assets.xcassets */,
				D2CE27F41C45E6EB001E68E8 /* LaunchScreen.storyboard */,
				D2CE27F71C45E6EB001E68E8 /* Info.plist */,
				D2CE27E61C45E6EB001E68E8 /* Supporting Files */,
			);
			path = PFXLocalAuthentication;
			sourceTree = "<group>";
		};
		D2CE27E61C45E6EB001E68E8 /* Supporting Files */ = {
			isa = PBXGroup;
			children = (
				D2CE27E71C45E6EB001E68E8 /* main.m */,
			);
			name = "Supporting Files";
			sourceTree = "<group>";
		};
		D2CE27FF1C45F7A2001E68E8 /* LocalAuthentications */ = {
			isa = PBXGroup;
			children = (
				D2CE28001C45F7BF001E68E8 /* PFXLocalAuthentication.h */,
				D2CE28011C45F7BF001E68E8 /* PFXLocalAuthentication.m */,
			);
			name = LocalAuthentications;
			sourceTree = "<group>";
		};
/* End PBXGroup section */

/* Begin PBXNativeTarget section */
		D2CE27E21C45E6EB001E68E8 /* PFXLocalAuthentication */ = {
			isa = PBXNativeTarget;
			buildConfigurationList = D2CE27FA1C45E6EB001E68E8 /* Build configuration list for PBXNativeTarget "PFXLocalAuthentication" */;
			buildPhases = (
				D2CE27DF1C45E6EB001E68E8 /* Sources */,
				D2CE27E01C45E6EB001E68E8 /* Frameworks */,
				D2CE27E11C45E6EB001E68E8 /* Resources */,
			);
			buildRules = (
			);
			dependencies = (
			);
			name = PFXLocalAuthentication;
			productName = PFXLocalAuthentication;
			productReference = D2CE27E31C45E6EB001E68E8 /* PFXLocalAuthentication.app */;
			productType = "com.apple.product-type.application";
		};
/* End PBXNativeTarget section */

/* Begin PBXProject section */
		D2CE27DB1C45E6EB001E68E8 /* Project object */ = {
			isa = PBXProject;
			attributes = {
				LastUpgradeCheck = 0720;
				ORGANIZATIONNAME = succorer;
				TargetAttributes = {
					D2CE27E21C45E6EB001E68E8 = {
						CreatedOnToolsVersion = 7.2;
						DevelopmentTeam = 79P6THQK6L;
					};
				};
			};
			buildConfigurationList = D2CE27DE1C45E6EB001E68E8 /* Build configuration list for PBXProject "PFXLocalAuthentication" */;
			compatibilityVersion = "Xcode 3.2";
			developmentRegion = English;
			hasScannedForEncodings = 0;
			knownRegions = (
				en,
				Base,
			);
			mainGroup = D2CE27DA1C45E6EB001E68E8;
			productRefGroup = D2CE27E41C45E6EB001E68E8 /* Products */;
			projectDirPath = "";
			projectRoot = "";
			targets = (
				D2CE27E21C45E6EB001E68E8 /* PFXLocalAuthentication */,
			);
		};
/* End PBXProject section */

/* Begin PBXResourcesBuildPhase section */
		D2CE27E11C45E6EB001E68E8 /* Resources */ = {
			isa = PBXResourcesBuildPhase;
			buildActionMask = 2147483647;
			files = (
				D2CE27F61C45E6EB001E68E8 /* LaunchScreen.storyboard in Resources */,
				D2CE27F31C45E6EB001E68E8 /* Assets.xcassets in Resources */,
				D2CE27F11C45E6EB001E68E8 /* Main.storyboard in Resources */,
			);
			runOnlyForDeploymentPostprocessing = 0;
		};
/* End PBXResourcesBuildPhase section */

/* Begin PBXSourcesBuildPhase section */
		D2CE27DF1C45E6EB001E68E8 /* Sources */ = {
			isa = PBXSourcesBuildPhase;
			buildActionMask = 2147483647;
			files = (
				D2CE28021C45F7BF001E68E8 /* PFXLocalAuthentication.m in Sources */,
				D2CE27EE1C45E6EB001E68E8 /* ViewController.m in Sources */,
				D2CE27EB1C45E6EB001E68E8 /* AppDelegate.m in Sources */,
				D2CE27E81C45E6EB001E68E8 /* main.m in Sources */,
			);
			runOnlyForDeploymentPostprocessing = 0;
		};
/* End PBXSourcesBuildPhase section */

/* Begin PBXVariantGroup section */
		D2CE27EF1C45E6EB001E68E8 /* Main.storyboard */ = {
			isa = PBXVariantGroup;
			children = (
				D2CE27F01C45E6EB001E68E8 /* Base */,
			);
			name = Main.storyboard;
			sourceTree = "<group>";
		};
		D2CE27F41C45E6EB001E68E8 /* LaunchScreen.storyboard */ = {
			isa = PBXVariantGroup;
			children = (
				D2CE27F51C45E6EB001E68E8 /* Base */,
			);
			name = LaunchScreen.storyboard;
			sourceTree = "<group>";
		};
/* End PBXVariantGroup section */

/* Begin XCBuildConfiguration section */
		D2CE27F81C45E6EB001E68E8 /* Debug */ = {
			isa = XCBuildConfiguration;
			buildSettings = {
				ALWAYS_SEARCH_USER_PATHS = NO;
				CLANG_CXX_LANGUAGE_STANDARD = "gnu++0x";
				CLANG_CXX_LIBRARY = "libc++";
				CLANG_ENABLE_MODULES = YES;
				CLANG_ENABLE_OBJC_ARC = YES;
				CLANG_WARN_BOOL_CONVERSION = YES;
				CLANG_WARN_CONSTANT_CONVERSION = YES;
				CLANG_WARN_DIRECT_OBJC_ISA_USAGE = YES_ERROR;
				CLANG_WARN_EMPTY_BODY = YES;
				CLANG_WARN_ENUM_CONVERSION = YES;
				CLANG_WARN_INT_CONVERSION = YES;
				CLANG_WARN_OBJC_ROOT_CLASS = YES_ERROR;
				CLANG_WARN_UNREACHABLE_CODE = YES;
				CLANG_WARN__DUPLICATE_METHOD_MATCH = YES;
				"CODE_SIGN_IDENTITY[sdk=iphoneos*]" = "iPhone Developer";
				COPY_PHASE_STRIP = NO;
				DEBUG_INFORMATION_FORMAT = dwarf;
				ENABLE_STRICT_OBJC_MSGSEND = YES;
				ENABLE_TESTABILITY = YES;
				GCC_C_LANGUAGE_STANDARD = gnu99;
				GCC_DYNAMIC_NO_PIC = NO;
				GCC_NO_COMMON_BLOCKS = YES;
				GCC_OPTIMIZATION_LEVEL = 0;
				GCC_PREPROCESSOR_DEFINITIONS = (
					"DEBUG=1",
					"$(inherited)",
				);
				GCC_WARN_64_TO_32_BIT_CONVERSION = YES;
				GCC_WARN_ABOUT_RETURN_TYPE = YES_ERROR;
				GCC_WARN_UNDECLARED_SELECTOR = YES;
				GCC_WARN_UNINITIALIZED_AUTOS = YES_AGGRESSIVE;
				GCC_WARN_UNUSED_FUNCTION = YES;
				GCC_WARN_UNUSED_VARIABLE = YES;
				IPHONEOS_DEPLOYMENT_TARGET = 9.2;
				MTL_ENABLE_DEBUG_INFO = YES;
				ONLY_ACTIVE_ARCH = YES;
				SDKROOT = iphoneos;
			};
			name = Debug;
		};
		D2CE27F91C45E6EB001E68E8 /* Release */ = {
			isa = XCBuildConfiguration;
			buildSettings = {
				ALWAYS_SEARCH_USER_PATHS = NO;
				CLANG_CXX_LANGUAGE_STANDARD = "gnu++0x";
				CLANG_CXX_LIBRARY = "libc++";
				CLANG_ENABLE_MODULES = YES;
				CLANG_ENABLE_OBJC_ARC = YES;
				CLANG_WARN_BOOL_CONVERSION = YES;
				CLANG_WARN_CONSTANT_CONVERSION = YES;
				CLANG_WARN_DIRECT_OBJC_ISA_USAGE = YES_ERROR;
				CLANG_WARN_EMPTY_BODY = YES;
				CLANG_WARN_ENUM_CONVERSION = YES;
				CLANG_WARN_INT_CONVERSION = YES;
				CLANG_WARN_OBJC_ROOT_CLASS = YES_ERROR;
				CLANG_WARN_UNREACHABLE_CODE = YES;
				CLANG_WARN__DUPLICATE_METHOD_MATCH = YES;
				"CODE_SIGN_IDENTITY[sdk=iphoneos*]" = "iPhone Developer";
				COPY_PHASE_STRIP = NO;
				DEBUG_INFORMATION_FORMAT = "dwarf-with-dsym";
				ENABLE_NS_ASSERTIONS = NO;
				ENABLE_STRICT_OBJC_MSGSEND = YES;
				GCC_C_LANGUAGE_STANDARD = gnu99;
				GCC_NO_COMMON_BLOCKS = YES;
				GCC_WARN_64_TO_32_BIT_CONVERSION = YES;
				GCC_WARN_ABOUT_RETURN_TYPE = YES_ERROR;
				GCC_WARN_UNDECLARED_SELECTOR = YES;
				GCC_WARN_UNINITIALIZED_AUTOS = YES_AGGRESSIVE;
				GCC_WARN_UNUSED_FUNCTION = YES;
				GCC_WARN_UNUSED_VARIABLE = YES;
				IPHONEOS_DEPLOYMENT_TARGET = 9.2;
				MTL_ENABLE_DEBUG_INFO = NO;
				SDKROOT = iphoneos;
				VALIDATE_PRODUCT = YES;
			};
			name = Release;
		};
		D2CE27FB1C45E6EB001E68E8 /* Debug */ = {
			isa = XCBuildConfiguration;
			buildSettings = {
				ASSETCATALOG_COMPILER_APPICON_NAME = AppIcon;
				DEVELOPMENT_TEAM = 79P6THQK6L;
				INFOPLIST_FILE = PFXLocalAuthentication/Info.plist;
				LD_RUNPATH_SEARCH_PATHS = "$(inherited) @executable_path/Frameworks";
				PRODUCT_BUNDLE_IDENTIFIER = com.pfxstudio.PFXLocalAuthentication;
				PRODUCT_NAME = "$(TARGET_NAME)";
			};
			name = Debug;
		};
		D2CE27FC1C45E6EB001E68E8 /* Release */ = {
			isa = XCBuildConfiguration;
			buildSettings = {
				ASSETCATALOG_COMPILER_APPICON_NAME = AppIcon;
				DEVELOPMENT_TEAM = 79P6THQK6L;
				INFOPLIST_FILE = PFXLocalAuthentication/Info.plist;
				LD_RUNPATH_SEARCH_PATHS = "$(inherited) @executable_path/Frameworks";
				PRODUCT_BUNDLE_IDENTIFIER = com.pfxstudio.PFXLocalAuthentication;
				PRODUCT_NAME = "$(TARGET_NAME)";
			};
			name = Release;
		};
/* End XCBuildConfiguration section */

/* Begin XCConfigurationList section */
		D2CE27DE1C45E6EB001E68E8 /* Build configuration list for PBXProject "PFXLocalAuthentication" */ = {
			isa = XCConfigurationList;
			buildConfigurations = (
				D2CE27F81C45E6EB001E68E8 /* Debug */,
				D2CE27F91C45E6EB001E68E8 /* Release */,
			);
			defaultConfigurationIsVisible = 0;
			defaultConfigurationName = Release;
		};
		D2CE27FA1C45E6EB001E68E8 /* Build configuration list for PBXNativeTarget "PFXLocalAuthentication" */ = {
			isa = XCConfigurationList;
			buildConfigurations = (
				D2CE27FB1C45E6EB001E68E8 /* Debug */,
				D2CE27FC1C45E6EB001E68E8 /* Release */,
			);
			defaultConfigurationIsVisible = 0;
			defaultConfigurationName = Release;
		};
/* End XCConfigurationList section */
	};
	rootObject = D2CE27DB1C45E6EB001E68E8 /* Project object */;
}
